// !$*UTF8*$!
{
	archiveVersion = 1;
	classes = {
	};
	objectVersion = 50;
	objects = {

/* Begin PBXBuildFile section */
		49A8E7A022FDB88E00A71EC8 /* AppDelegate.swift in Sources */ = {isa = PBXBuildFile; fileRef = 49A8E79F22FDB88E00A71EC8 /* AppDelegate.swift */; };
		49A8E7A222FDB88E00A71EC8 /* ViewController.swift in Sources */ = {isa = PBXBuildFile; fileRef = 49A8E7A122FDB88E00A71EC8 /* ViewController.swift */; };
		49A8E7A522FDB88E00A71EC8 /* Main.storyboard in Resources */ = {isa = PBXBuildFile; fileRef = 49A8E7A322FDB88E00A71EC8 /* Main.storyboard */; };
		49A8E7A722FDB89000A71EC8 /* Assets.xcassets in Resources */ = {isa = PBXBuildFile; fileRef = 49A8E7A622FDB89000A71EC8 /* Assets.xcassets */; };
		49A8E7AA22FDB89000A71EC8 /* LaunchScreen.storyboard in Resources */ = {isa = PBXBuildFile; fileRef = 49A8E7A822FDB89000A71EC8 /* LaunchScreen.storyboard */; };
		49A8E7B522FDB89000A71EC8 /* dogWalkAppTests.swift in Sources */ = {isa = PBXBuildFile; fileRef = 49A8E7B422FDB89000A71EC8 /* dogWalkAppTests.swift */; };
		49A8E7C022FDB89000A71EC8 /* dogWalkAppUITests.swift in Sources */ = {isa = PBXBuildFile; fileRef = 49A8E7BF22FDB89000A71EC8 /* dogWalkAppUITests.swift */; };
/* End PBXBuildFile section */

/* Begin PBXContainerItemProxy section */
		49A8E7B122FDB89000A71EC8 /* PBXContainerItemProxy */ = {
			isa = PBXContainerItemProxy;
			containerPortal = 49A8E79422FDB88E00A71EC8 /* Project object */;
			proxyType = 1;
			remoteGlobalIDString = 49A8E79B22FDB88E00A71EC8;
			remoteInfo = dogWalkApp;
		};
		49A8E7BC22FDB89000A71EC8 /* PBXContainerItemProxy */ = {
			isa = PBXContainerItemProxy;
			containerPortal = 49A8E79422FDB88E00A71EC8 /* Project object */;
			proxyType = 1;
			remoteGlobalIDString = 49A8E79B22FDB88E00A71EC8;
			remoteInfo = dogWalkApp;
		};
/* End PBXContainerItemProxy section */

/* Begin PBXFileReference section */
		49A8E79C22FDB88E00A71EC8 /* dogWalkApp.app */ = {isa = PBXFileReference; explicitFileType = wrapper.application; includeInIndex = 0; path = dogWalkApp.app; sourceTree = BUILT_PRODUCTS_DIR; };
		49A8E79F22FDB88E00A71EC8 /* AppDelegate.swift */ = {isa = PBXFileReference; lastKnownFileType = sourcecode.swift; path = AppDelegate.swift; sourceTree = "<group>"; };
		49A8E7A122FDB88E00A71EC8 /* ViewController.swift */ = {isa = PBXFileReference; lastKnownFileType = sourcecode.swift; path = ViewController.swift; sourceTree = "<group>"; };
		49A8E7A422FDB88E00A71EC8 /* Base */ = {isa = PBXFileReference; lastKnownFileType = file.storyboard; name = Base; path = Base.lproj/Main.storyboard; sourceTree = "<group>"; };
		49A8E7A622FDB89000A71EC8 /* Assets.xcassets */ = {isa = PBXFileReference; lastKnownFileType = folder.assetcatalog; path = Assets.xcassets; sourceTree = "<group>"; };
		49A8E7A922FDB89000A71EC8 /* Base */ = {isa = PBXFileReference; lastKnownFileType = file.storyboard; name = Base; path = Base.lproj/LaunchScreen.storyboard; sourceTree = "<group>"; };
		49A8E7AB22FDB89000A71EC8 /* Info.plist */ = {isa = PBXFileReference; lastKnownFileType = text.plist.xml; path = Info.plist; sourceTree = "<group>"; };
		49A8E7B022FDB89000A71EC8 /* dogWalkAppTests.xctest */ = {isa = PBXFileReference; explicitFileType = wrapper.cfbundle; includeInIndex = 0; path = dogWalkAppTests.xctest; sourceTree = BUILT_PRODUCTS_DIR; };
		49A8E7B422FDB89000A71EC8 /* dogWalkAppTests.swift */ = {isa = PBXFileReference; lastKnownFileType = sourcecode.swift; path = dogWalkAppTests.swift; sourceTree = "<group>"; };
		49A8E7B622FDB89000A71EC8 /* Info.plist */ = {isa = PBXFileReference; lastKnownFileType = text.plist.xml; path = Info.plist; sourceTree = "<group>"; };
		49A8E7BB22FDB89000A71EC8 /* dogWalkAppUITests.xctest */ = {isa = PBXFileReference; explicitFileType = wrapper.cfbundle; includeInIndex = 0; path = dogWalkAppUITests.xctest; sourceTree = BUILT_PRODUCTS_DIR; };
		49A8E7BF22FDB89000A71EC8 /* dogWalkAppUITests.swift */ = {isa = PBXFileReference; lastKnownFileType = sourcecode.swift; path = dogWalkAppUITests.swift; sourceTree = "<group>"; };
		49A8E7C122FDB89000A71EC8 /* Info.plist */ = {isa = PBXFileReference; lastKnownFileType = text.plist.xml; path = Info.plist; sourceTree = "<group>"; };
/* End PBXFileReference section */

/* Begin PBXFrameworksBuildPhase section */
		49A8E79922FDB88E00A71EC8 /* Frameworks */ = {
			isa = PBXFrameworksBuildPhase;
			buildActionMask = 2147483647;
			files = (
			);
			runOnlyForDeploymentPostprocessing = 0;
		};
		49A8E7AD22FDB89000A71EC8 /* Frameworks */ = {
			isa = PBXFrameworksBuildPhase;
			buildActionMask = 2147483647;
			files = (
			);
			runOnlyForDeploymentPostprocessing = 0;
		};
		49A8E7B822FDB89000A71EC8 /* Frameworks */ = {
			isa = PBXFrameworksBuildPhase;
			buildActionMask = 2147483647;
			files = (
			);
			runOnlyForDeploymentPostprocessing = 0;
		};
/* End PBXFrameworksBuildPhase section */

/* Begin PBXGroup section */
		49A8E79322FDB88E00A71EC8 = {
			isa = PBXGroup;
			children = (
				49A8E79E22FDB88E00A71EC8 /* dogWalkApp */,
				49A8E7B322FDB89000A71EC8 /* dogWalkAppTests */,
				49A8E7BE22FDB89000A71EC8 /* dogWalkAppUITests */,
				49A8E79D22FDB88E00A71EC8 /* Products */,
			);
			sourceTree = "<group>";
		};
		49A8E79D22FDB88E00A71EC8 /* Products */ = {
			isa = PBXGroup;
			children = (
				49A8E79C22FDB88E00A71EC8 /* dogWalkApp.app */,
				49A8E7B022FDB89000A71EC8 /* dogWalkAppTests.xctest */,
				49A8E7BB22FDB89000A71EC8 /* dogWalkAppUITests.xctest */,
			);
			name = Products;
			sourceTree = "<group>";
		};
		49A8E79E22FDB88E00A71EC8 /* dogWalkApp */ = {
			isa = PBXGroup;
			children = (
				49A8E79F22FDB88E00A71EC8 /* AppDelegate.swift */,
				49A8E7A122FDB88E00A71EC8 /* ViewController.swift */,
				49A8E7A322FDB88E00A71EC8 /* Main.storyboard */,
				49A8E7A622FDB89000A71EC8 /* Assets.xcassets */,
				49A8E7A822FDB89000A71EC8 /* LaunchScreen.storyboard */,
				49A8E7AB22FDB89000A71EC8 /* Info.plist */,
			);
			path = dogWalkApp;
			sourceTree = "<group>";
		};
		49A8E7B322FDB89000A71EC8 /* dogWalkAppTests */ = {
			isa = PBXGroup;
			children = (
				49A8E7B422FDB89000A71EC8 /* dogWalkAppTests.swift */,
				49A8E7B622FDB89000A71EC8 /* Info.plist */,
			);
			path = dogWalkAppTests;
			sourceTree = "<group>";
		};
		49A8E7BE22FDB89000A71EC8 /* dogWalkAppUITests */ = {
			isa = PBXGroup;
			children = (
				49A8E7BF22FDB89000A71EC8 /* dogWalkAppUITests.swift */,
				49A8E7C122FDB89000A71EC8 /* Info.plist */,
			);
			path = dogWalkAppUITests;
			sourceTree = "<group>";
		};
/* End PBXGroup section */

/* Begin PBXNativeTarget section */
		49A8E79B22FDB88E00A71EC8 /* dogWalkApp */ = {
			isa = PBXNativeTarget;
			buildConfigurationList = 49A8E7C422FDB89100A71EC8 /* Build configuration list for PBXNativeTarget "dogWalkApp" */;
			buildPhases = (
				49A8E79822FDB88E00A71EC8 /* Sources */,
				49A8E79922FDB88E00A71EC8 /* Frameworks */,
				49A8E79A22FDB88E00A71EC8 /* Resources */,
			);
			buildRules = (
			);
			dependencies = (
			);
			name = dogWalkApp;
			productName = dogWalkApp;
			productReference = 49A8E79C22FDB88E00A71EC8 /* dogWalkApp.app */;
			productType = "com.apple.product-type.application";
		};
		49A8E7AF22FDB89000A71EC8 /* dogWalkAppTests */ = {
			isa = PBXNativeTarget;
			buildConfigurationList = 49A8E7C722FDB89100A71EC8 /* Build configuration list for PBXNativeTarget "dogWalkAppTests" */;
			buildPhases = (
				49A8E7AC22FDB89000A71EC8 /* Sources */,
				49A8E7AD22FDB89000A71EC8 /* Frameworks */,
				49A8E7AE22FDB89000A71EC8 /* Resources */,
			);
			buildRules = (
			);
			dependencies = (
				49A8E7B222FDB89000A71EC8 /* PBXTargetDependency */,
			);
			name = dogWalkAppTests;
			productName = dogWalkAppTests;
			productReference = 49A8E7B022FDB89000A71EC8 /* dogWalkAppTests.xctest */;
			productType = "com.apple.product-type.bundle.unit-test";
		};
		49A8E7BA22FDB89000A71EC8 /* dogWalkAppUITests */ = {
			isa = PBXNativeTarget;
			buildConfigurationList = 49A8E7CA22FDB89100A71EC8 /* Build configuration list for PBXNativeTarget "dogWalkAppUITests" */;
			buildPhases = (
				49A8E7B722FDB89000A71EC8 /* Sources */,
				49A8E7B822FDB89000A71EC8 /* Frameworks */,
				49A8E7B922FDB89000A71EC8 /* Resources */,
			);
			buildRules = (
			);
			dependencies = (
				49A8E7BD22FDB89000A71EC8 /* PBXTargetDependency */,
			);
			name = dogWalkAppUITests;
			productName = dogWalkAppUITests;
			productReference = 49A8E7BB22FDB89000A71EC8 /* dogWalkAppUITests.xctest */;
			productType = "com.apple.product-type.bundle.ui-testing";
		};
/* End PBXNativeTarget section */

/* Begin PBXProject section */
		49A8E79422FDB88E00A71EC8 /* Project object */ = {
			isa = PBXProject;
			attributes = {
				LastSwiftUpdateCheck = 1020;
				LastUpgradeCheck = 1020;
				ORGANIZATIONNAME = "Ella Isgar";
				TargetAttributes = {
					49A8E79B22FDB88E00A71EC8 = {
						CreatedOnToolsVersion = 10.2.1;
					};
					49A8E7AF22FDB89000A71EC8 = {
						CreatedOnToolsVersion = 10.2.1;
						TestTargetID = 49A8E79B22FDB88E00A71EC8;
					};
					49A8E7BA22FDB89000A71EC8 = {
						CreatedOnToolsVersion = 10.2.1;
						TestTargetID = 49A8E79B22FDB88E00A71EC8;
					};
				};
			};
			buildConfigurationList = 49A8E79722FDB88E00A71EC8 /* Build configuration list for PBXProject "dogWalkApp" */;
			compatibilityVersion = "Xcode 9.3";
			developmentRegion = en;
			hasScannedForEncodings = 0;
			knownRegions = (
				en,
				Base,
			);
			mainGroup = 49A8E79322FDB88E00A71EC8;
			productRefGroup = 49A8E79D22FDB88E00A71EC8 /* Products */;
			projectDirPath = "";
			projectRoot = "";
			targets = (
				49A8E79B22FDB88E00A71EC8 /* dogWalkApp */,
				49A8E7AF22FDB89000A71EC8 /* dogWalkAppTests */,
				49A8E7BA22FDB89000A71EC8 /* dogWalkAppUITests */,
			);
		};
/* End PBXProject section */

/* Begin PBXResourcesBuildPhase section */
		49A8E79A22FDB88E00A71EC8 /* Resources */ = {
			isa = PBXResourcesBuildPhase;
			buildActionMask = 2147483647;
			files = (
				49A8E7AA22FDB89000A71EC8 /* LaunchScreen.storyboard in Resources */,
				49A8E7A722FDB89000A71EC8 /* Assets.xcassets in Resources */,
				49A8E7A522FDB88E00A71EC8 /* Main.storyboard in Resources */,
			);
			runOnlyForDeploymentPostprocessing = 0;
		};
		49A8E7AE22FDB89000A71EC8 /* Resources */ = {
			isa = PBXResourcesBuildPhase;
			buildActionMask = 2147483647;
			files = (
			);
			runOnlyForDeploymentPostprocessing = 0;
		};
		49A8E7B922FDB89000A71EC8 /* Resources */ = {
			isa = PBXResourcesBuildPhase;
			buildActionMask = 2147483647;
			files = (
			);
			runOnlyForDeploymentPostprocessing = 0;
		};
/* End PBXResourcesBuildPhase section */

/* Begin PBXSourcesBuildPhase section */
		49A8E79822FDB88E00A71EC8 /* Sources */ = {
			isa = PBXSourcesBuildPhase;
			buildActionMask = 2147483647;
			files = (
				49A8E7A222FDB88E00A71EC8 /* ViewController.swift in Sources */,
				49A8E7A022FDB88E00A71EC8 /* AppDelegate.swift in Sources */,
			);
			runOnlyForDeploymentPostprocessing = 0;
		};
		49A8E7AC22FDB89000A71EC8 /* Sources */ = {
			isa = PBXSourcesBuildPhase;
			buildActionMask = 2147483647;
			files = (
				49A8E7B522FDB89000A71EC8 /* dogWalkAppTests.swift in Sources */,
			);
			runOnlyForDeploymentPostprocessing = 0;
		};
		49A8E7B722FDB89000A71EC8 /* Sources */ = {
			isa = PBXSourcesBuildPhase;
			buildActionMask = 2147483647;
			files = (
				49A8E7C022FDB89000A71EC8 /* dogWalkAppUITests.swift in Sources */,
			);
			runOnlyForDeploymentPostprocessing = 0;
		};
/* End PBXSourcesBuildPhase section */

/* Begin PBXTargetDependency section */
		49A8E7B222FDB89000A71EC8 /* PBXTargetDependency */ = {
			isa = PBXTargetDependency;
			target = 49A8E79B22FDB88E00A71EC8 /* dogWalkApp */;
			targetProxy = 49A8E7B122FDB89000A71EC8 /* PBXContainerItemProxy */;
		};
		49A8E7BD22FDB89000A71EC8 /* PBXTargetDependency */ = {
			isa = PBXTargetDependency;
			target = 49A8E79B22FDB88E00A71EC8 /* dogWalkApp */;
			targetProxy = 49A8E7BC22FDB89000A71EC8 /* PBXContainerItemProxy */;
		};
/* End PBXTargetDependency section */

/* Begin PBXVariantGroup section */
		49A8E7A322FDB88E00A71EC8 /* Main.storyboard */ = {
			isa = PBXVariantGroup;
			children = (
				49A8E7A422FDB88E00A71EC8 /* Base */,
			);
			name = Main.storyboard;
			sourceTree = "<group>";
		};
		49A8E7A822FDB89000A71EC8 /* LaunchScreen.storyboard */ = {
			isa = PBXVariantGroup;
			children = (
				49A8E7A922FDB89000A71EC8 /* Base */,
			);
			name = LaunchScreen.storyboard;
			sourceTree = "<group>";
		};
/* End PBXVariantGroup section */

/* Begin XCBuildConfiguration section */
		49A8E7C222FDB89100A71EC8 /* Debug */ = {
			isa = XCBuildConfiguration;
			buildSettings = {
				ALWAYS_SEARCH_USER_PATHS = NO;
				CLANG_ANALYZER_NONNULL = YES;
				CLANG_ANALYZER_NUMBER_OBJECT_CONVERSION = YES_AGGRESSIVE;
				CLANG_CXX_LANGUAGE_STANDARD = "gnu++14";
				CLANG_CXX_LIBRARY = "libc++";
				CLANG_ENABLE_MODULES = YES;
				CLANG_ENABLE_OBJC_ARC = YES;
				CLANG_ENABLE_OBJC_WEAK = YES;
				CLANG_WARN_BLOCK_CAPTURE_AUTORELEASING = YES;
				CLANG_WARN_BOOL_CONVERSION = YES;
				CLANG_WARN_COMMA = YES;
				CLANG_WARN_CONSTANT_CONVERSION = YES;
				CLANG_WARN_DEPRECATED_OBJC_IMPLEMENTATIONS = YES;
				CLANG_WARN_DIRECT_OBJC_ISA_USAGE = YES_ERROR;
				CLANG_WARN_DOCUMENTATION_COMMENTS = YES;
				CLANG_WARN_EMPTY_BODY = YES;
				CLANG_WARN_ENUM_CONVERSION = YES;
				CLANG_WARN_INFINITE_RECURSION = YES;
				CLANG_WARN_INT_CONVERSION = YES;
				CLANG_WARN_NON_LITERAL_NULL_CONVERSION = YES;
				CLANG_WARN_OBJC_IMPLICIT_RETAIN_SELF = YES;
				CLANG_WARN_OBJC_LITERAL_CONVERSION = YES;
				CLANG_WARN_OBJC_ROOT_CLASS = YES_ERROR;
				CLANG_WARN_RANGE_LOOP_ANALYSIS = YES;
				CLANG_WARN_STRICT_PROTOTYPES = YES;
				CLANG_WARN_SUSPICIOUS_MOVE = YES;
				CLANG_WARN_UNGUARDED_AVAILABILITY = YES_AGGRESSIVE;
				CLANG_WARN_UNREACHABLE_CODE = YES;
				CLANG_WARN__DUPLICATE_METHOD_MATCH = YES;
				CODE_SIGN_IDENTITY = "iPhone Developer";
				COPY_PHASE_STRIP = NO;
				DEBUG_INFORMATION_FORMAT = dwarf;
				ENABLE_STRICT_OBJC_MSGSEND = YES;
				ENABLE_TESTABILITY = YES;
				GCC_C_LANGUAGE_STANDARD = gnu11;
				GCC_DYNAMIC_NO_PIC = NO;
				GCC_NO_COMMON_BLOCKS = YES;
				GCC_OPTIMIZATION_LEVEL = 0;
				GCC_PREPROCESSOR_DEFINITIONS = (
					"DEBUG=1",
					"$(inherited)",
				);
				GCC_WARN_64_TO_32_BIT_CONVERSION = YES;
				GCC_WARN_ABOUT_RETURN_TYPE = YES_ERROR;
				GCC_WARN_UNDECLARED_SELECTOR = YES;
				GCC_WARN_UNINITIALIZED_AUTOS = YES_AGGRESSIVE;
				GCC_WARN_UNUSED_FUNCTION = YES;
				GCC_WARN_UNUSED_VARIABLE = YES;
				IPHONEOS_DEPLOYMENT_TARGET = 12.2;
				MTL_ENABLE_DEBUG_INFO = INCLUDE_SOURCE;
				MTL_FAST_MATH = YES;
				ONLY_ACTIVE_ARCH = YES;
				SDKROOT = iphoneos;
				SWIFT_ACTIVE_COMPILATION_CONDITIONS = DEBUG;
				SWIFT_OPTIMIZATION_LEVEL = "-Onone";
			};
			name = Debug;
		};
		49A8E7C322FDB89100A71EC8 /* Release */ = {
			isa = XCBuildConfiguration;
			buildSettings = {
				ALWAYS_SEARCH_USER_PATHS = NO;
				CLANG_ANALYZER_NONNULL = YES;
				CLANG_ANALYZER_NUMBER_OBJECT_CONVERSION = YES_AGGRESSIVE;
				CLANG_CXX_LANGUAGE_STANDARD = "gnu++14";
				CLANG_CXX_LIBRARY = "libc++";
				CLANG_ENABLE_MODULES = YES;
				CLANG_ENABLE_OBJC_ARC = YES;
				CLANG_ENABLE_OBJC_WEAK = YES;
				CLANG_WARN_BLOCK_CAPTURE_AUTORELEASING = YES;
				CLANG_WARN_BOOL_CONVERSION = YES;
				CLANG_WARN_COMMA = YES;
				CLANG_WARN_CONSTANT_CONVERSION = YES;
				CLANG_WARN_DEPRECATED_OBJC_IMPLEMENTATIONS = YES;
				CLANG_WARN_DIRECT_OBJC_ISA_USAGE = YES_ERROR;
				CLANG_WARN_DOCUMENTATION_COMMENTS = YES;
				CLANG_WARN_EMPTY_BODY = YES;
				CLANG_WARN_ENUM_CONVERSION = YES;
				CLANG_WARN_INFINITE_RECURSION = YES;
				CLANG_WARN_INT_CONVERSION = YES;
				CLANG_WARN_NON_LITERAL_NULL_CONVERSION = YES;
				CLANG_WARN_OBJC_IMPLICIT_RETAIN_SELF = YES;
				CLANG_WARN_OBJC_LITERAL_CONVERSION = YES;
				CLANG_WARN_OBJC_ROOT_CLASS = YES_ERROR;
				CLANG_WARN_RANGE_LOOP_ANALYSIS = YES;
				CLANG_WARN_STRICT_PROTOTYPES = YES;
				CLANG_WARN_SUSPICIOUS_MOVE = YES;
				CLANG_WARN_UNGUARDED_AVAILABILITY = YES_AGGRESSIVE;
				CLANG_WARN_UNREACHABLE_CODE = YES;
				CLANG_WARN__DUPLICATE_METHOD_MATCH = YES;
				CODE_SIGN_IDENTITY = "iPhone Developer";
				COPY_PHASE_STRIP = NO;
				DEBUG_INFORMATION_FORMAT = "dwarf-with-dsym";
				ENABLE_NS_ASSERTIONS = NO;
				ENABLE_STRICT_OBJC_MSGSEND = YES;
				GCC_C_LANGUAGE_STANDARD = gnu11;
				GCC_NO_COMMON_BLOCKS = YES;
				GCC_WARN_64_TO_32_BIT_CONVERSION = YES;
				GCC_WARN_ABOUT_RETURN_TYPE = YES_ERROR;
				GCC_WARN_UNDECLARED_SELECTOR = YES;
				GCC_WARN_UNINITIALIZED_AUTOS = YES_AGGRESSIVE;
				GCC_WARN_UNUSED_FUNCTION = YES;
				GCC_WARN_UNUSED_VARIABLE = YES;
				IPHONEOS_DEPLOYMENT_TARGET = 12.2;
				MTL_ENABLE_DEBUG_INFO = NO;
				MTL_FAST_MATH = YES;
				SDKROOT = iphoneos;
				SWIFT_COMPILATION_MODE = wholemodule;
				SWIFT_OPTIMIZATION_LEVEL = "-O";
				VALIDATE_PRODUCT = YES;
			};
			name = Release;
		};
		49A8E7C522FDB89100A71EC8 /* Debug */ = {
			isa = XCBuildConfiguration;
			buildSettings = {
				ASSETCATALOG_COMPILER_APPICON_NAME = AppIcon;
				CODE_SIGN_STYLE = Automatic;
				INFOPLIST_FILE = dogWalkApp/Info.plist;
				LD_RUNPATH_SEARCH_PATHS = (
					"$(inherited)",
					"@executable_path/Frameworks",
				);
				PRODUCT_BUNDLE_IDENTIFIER = KWK.dogWalkApp;
				PRODUCT_NAME = "$(TARGET_NAME)";
				SWIFT_VERSION = 5.0;
				TARGETED_DEVICE_FAMILY = "1,2";
			};
			name = Debug;
		};
		49A8E7C622FDB89100A71EC8 /* Release */ = {
			isa = XCBuildConfiguration;
			buildSettings = {
				ASSETCATALOG_COMPILER_APPICON_NAME = AppIcon;
				CODE_SIGN_STYLE = Automatic;
				INFOPLIST_FILE = dogWalkApp/Info.plist;
				LD_RUNPATH_SEARCH_PATHS = (
					"$(inherited)",
					"@executable_path/Frameworks",
				);
				PRODUCT_BUNDLE_IDENTIFIER = KWK.dogWalkApp;
				PRODUCT_NAME = "$(TARGET_NAME)";
				SWIFT_VERSION = 5.0;
				TARGETED_DEVICE_FAMILY = "1,2";
			};
			name = Release;
		};
		49A8E7C822FDB89100A71EC8 /* Debug */ = {
			isa = XCBuildConfiguration;
			buildSettings = {
				ALWAYS_EMBED_SWIFT_STANDARD_LIBRARIES = YES;
				BUNDLE_LOADER = "$(TEST_HOST)";
				CODE_SIGN_STYLE = Automatic;
				INFOPLIST_FILE = dogWalkAppTests/Info.plist;
				LD_RUNPATH_SEARCH_PATHS = (
					"$(inherited)",
					"@executable_path/Frameworks",
					"@loader_path/Frameworks",
				);
				PRODUCT_BUNDLE_IDENTIFIER = KWK.dogWalkAppTests;
				PRODUCT_NAME = "$(TARGET_NAME)";
				SWIFT_VERSION = 5.0;
				TARGETED_DEVICE_FAMILY = "1,2";
				TEST_HOST = "$(BUILT_PRODUCTS_DIR)/dogWalkApp.app/dogWalkApp";
			};
			name = Debug;
		};
		49A8E7C922FDB89100A71EC8 /* Release */ = {
			isa = XCBuildConfiguration;
			buildSettings = {
				ALWAYS_EMBED_SWIFT_STANDARD_LIBRARIES = YES;
				BUNDLE_LOADER = "$(TEST_HOST)";
				CODE_SIGN_STYLE = Automatic;
				INFOPLIST_FILE = dogWalkAppTests/Info.plist;
				LD_RUNPATH_SEARCH_PATHS = (
					"$(inherited)",
					"@executable_path/Frameworks",
					"@loader_path/Frameworks",
				);
				PRODUCT_BUNDLE_IDENTIFIER = KWK.dogWalkAppTests;
				PRODUCT_NAME = "$(TARGET_NAME)";
				SWIFT_VERSION = 5.0;
				TARGETED_DEVICE_FAMILY = "1,2";
				TEST_HOST = "$(BUILT_PRODUCTS_DIR)/dogWalkApp.app/dogWalkApp";
			};
			name = Release;
		};
		49A8E7CB22FDB89100A71EC8 /* Debug */ = {
			isa = XCBuildConfiguration;
			buildSettings = {
				ALWAYS_EMBED_SWIFT_STANDARD_LIBRARIES = YES;
				CODE_SIGN_STYLE = Automatic;
				INFOPLIST_FILE = dogWalkAppUITests/Info.plist;
				LD_RUNPATH_SEARCH_PATHS = (
					"$(inherited)",
					"@executable_path/Frameworks",
					"@loader_path/Frameworks",
				);
				PRODUCT_BUNDLE_IDENTIFIER = KWK.dogWalkAppUITests;
				PRODUCT_NAME = "$(TARGET_NAME)";
				SWIFT_VERSION = 5.0;
				TARGETED_DEVICE_FAMILY = "1,2";
				TEST_TARGET_NAME = dogWalkApp;
			};
			name = Debug;
		};
		49A8E7CC22FDB89100A71EC8 /* Release */ = {
			isa = XCBuildConfiguration;
			buildSettings = {
				ALWAYS_EMBED_SWIFT_STANDARD_LIBRARIES = YES;
				CODE_SIGN_STYLE = Automatic;
				INFOPLIST_FILE = dogWalkAppUITests/Info.plist;
				LD_RUNPATH_SEARCH_PATHS = (
					"$(inherited)",
					"@executable_path/Frameworks",
					"@loader_path/Frameworks",
				);
				PRODUCT_BUNDLE_IDENTIFIER = KWK.dogWalkAppUITests;
				PRODUCT_NAME = "$(TARGET_NAME)";
				SWIFT_VERSION = 5.0;
				TARGETED_DEVICE_FAMILY = "1,2";
				TEST_TARGET_NAME = dogWalkApp;
			};
			name = Release;
		};
/* End XCBuildConfiguration section */

/* Begin XCConfigurationList section */
		49A8E79722FDB88E00A71EC8 /* Build configuration list for PBXProject "dogWalkApp" */ = {
			isa = XCConfigurationList;
			buildConfigurations = (
				49A8E7C222FDB89100A71EC8 /* Debug */,
				49A8E7C322FDB89100A71EC8 /* Release */,
			);
			defaultConfigurationIsVisible = 0;
			defaultConfigurationName = Release;
		};
		49A8E7C422FDB89100A71EC8 /* Build configuration list for PBXNativeTarget "dogWalkApp" */ = {
			isa = XCConfigurationList;
			buildConfigurations = (
				49A8E7C522FDB89100A71EC8 /* Debug */,
				49A8E7C622FDB89100A71EC8 /* Release */,
			);
			defaultConfigurationIsVisible = 0;
			defaultConfigurationName = Release;
		};
		49A8E7C722FDB89100A71EC8 /* Build configuration list for PBXNativeTarget "dogWalkAppTests" */ = {
			isa = XCConfigurationList;
			buildConfigurations = (
				49A8E7C822FDB89100A71EC8 /* Debug */,
				49A8E7C922FDB89100A71EC8 /* Release */,
			);
			defaultConfigurationIsVisible = 0;
			defaultConfigurationName = Release;
		};
		49A8E7CA22FDB89100A71EC8 /* Build configuration list for PBXNativeTarget "dogWalkAppUITests" */ = {
			isa = XCConfigurationList;
			buildConfigurations = (
				49A8E7CB22FDB89100A71EC8 /* Debug */,
				49A8E7CC22FDB89100A71EC8 /* Release */,
			);
			defaultConfigurationIsVisible = 0;
			defaultConfigurationName = Release;
		};
/* End XCConfigurationList section */
	};
	rootObject = 49A8E79422FDB88E00A71EC8 /* Project object */;
}
